// !$*UTF8*$!
{
	archiveVersion = 1;
	classes = {
	};
	objectVersion = 55;
	objects = {

/* Begin PBXBuildFile section */
		601DD3562813056700EDBD08 /* FlickrResponse.swift in Sources */ = {isa = PBXBuildFile; fileRef = 601DD3552813056700EDBD08 /* FlickrResponse.swift */; };
		60CD59182812462700B4BD84 /* UIViewController Ext..swift in Sources */ = {isa = PBXBuildFile; fileRef = 60CD59172812462700B4BD84 /* UIViewController Ext..swift */; };
		60DEFE992810DF0100F46CC7 /* AppDelegate.swift in Sources */ = {isa = PBXBuildFile; fileRef = 60DEFE982810DF0100F46CC7 /* AppDelegate.swift */; };
		60DEFE9B2810DF0100F46CC7 /* SceneDelegate.swift in Sources */ = {isa = PBXBuildFile; fileRef = 60DEFE9A2810DF0100F46CC7 /* SceneDelegate.swift */; };
		60DEFE9D2810DF0100F46CC7 /* MapController.swift in Sources */ = {isa = PBXBuildFile; fileRef = 60DEFE9C2810DF0100F46CC7 /* MapController.swift */; };
		60DEFEA02810DF0100F46CC7 /* Main.storyboard in Resources */ = {isa = PBXBuildFile; fileRef = 60DEFE9E2810DF0100F46CC7 /* Main.storyboard */; };
		60DEFEA32810DF0100F46CC7 /* VirtualTourist.xcdatamodeld in Sources */ = {isa = PBXBuildFile; fileRef = 60DEFEA12810DF0100F46CC7 /* VirtualTourist.xcdatamodeld */; };
		60DEFEA52810DF0300F46CC7 /* Assets.xcassets in Resources */ = {isa = PBXBuildFile; fileRef = 60DEFEA42810DF0300F46CC7 /* Assets.xcassets */; };
		60DEFEA82810DF0300F46CC7 /* LaunchScreen.storyboard in Resources */ = {isa = PBXBuildFile; fileRef = 60DEFEA62810DF0300F46CC7 /* LaunchScreen.storyboard */; };
		60DEFEB42810E46C00F46CC7 /* PhotoController.swift in Sources */ = {isa = PBXBuildFile; fileRef = 60DEFEB32810E46C00F46CC7 /* PhotoController.swift */; };
		60DEFEB82810E66700F46CC7 /* PhotoCell.swift in Sources */ = {isa = PBXBuildFile; fileRef = 60DEFEB72810E66700F46CC7 /* PhotoCell.swift */; };
		60DEFEBA2810EFDF00F46CC7 /* FlickrManager.swift in Sources */ = {isa = PBXBuildFile; fileRef = 60DEFEB92810EFDF00F46CC7 /* FlickrManager.swift */; };
/* End PBXBuildFile section */

/* Begin PBXFileReference section */
		601DD3552813056700EDBD08 /* FlickrResponse.swift */ = {isa = PBXFileReference; lastKnownFileType = sourcecode.swift; path = FlickrResponse.swift; sourceTree = "<group>"; };
		60CD59172812462700B4BD84 /* UIViewController Ext..swift */ = {isa = PBXFileReference; lastKnownFileType = sourcecode.swift; path = "UIViewController Ext..swift"; sourceTree = "<group>"; };
		60DEFE952810DF0100F46CC7 /* VirtualTourist.app */ = {isa = PBXFileReference; explicitFileType = wrapper.application; includeInIndex = 0; path = VirtualTourist.app; sourceTree = BUILT_PRODUCTS_DIR; };
		60DEFE982810DF0100F46CC7 /* AppDelegate.swift */ = {isa = PBXFileReference; lastKnownFileType = sourcecode.swift; path = AppDelegate.swift; sourceTree = "<group>"; };
		60DEFE9A2810DF0100F46CC7 /* SceneDelegate.swift */ = {isa = PBXFileReference; lastKnownFileType = sourcecode.swift; path = SceneDelegate.swift; sourceTree = "<group>"; };
		60DEFE9C2810DF0100F46CC7 /* MapController.swift */ = {isa = PBXFileReference; lastKnownFileType = sourcecode.swift; path = MapController.swift; sourceTree = "<group>"; };
		60DEFE9F2810DF0100F46CC7 /* Base */ = {isa = PBXFileReference; lastKnownFileType = file.storyboard; name = Base; path = Base.lproj/Main.storyboard; sourceTree = "<group>"; };
		60DEFEA22810DF0100F46CC7 /* VirtualTourist.xcdatamodel */ = {isa = PBXFileReference; lastKnownFileType = wrapper.xcdatamodel; path = VirtualTourist.xcdatamodel; sourceTree = "<group>"; };
		60DEFEA42810DF0300F46CC7 /* Assets.xcassets */ = {isa = PBXFileReference; lastKnownFileType = folder.assetcatalog; path = Assets.xcassets; sourceTree = "<group>"; };
		60DEFEA72810DF0300F46CC7 /* Base */ = {isa = PBXFileReference; lastKnownFileType = file.storyboard; name = Base; path = Base.lproj/LaunchScreen.storyboard; sourceTree = "<group>"; };
		60DEFEA92810DF0300F46CC7 /* Info.plist */ = {isa = PBXFileReference; lastKnownFileType = text.plist.xml; path = Info.plist; sourceTree = "<group>"; };
		60DEFEB32810E46C00F46CC7 /* PhotoController.swift */ = {isa = PBXFileReference; lastKnownFileType = sourcecode.swift; path = PhotoController.swift; sourceTree = "<group>"; };
		60DEFEB72810E66700F46CC7 /* PhotoCell.swift */ = {isa = PBXFileReference; lastKnownFileType = sourcecode.swift; path = PhotoCell.swift; sourceTree = "<group>"; };
		60DEFEB92810EFDF00F46CC7 /* FlickrManager.swift */ = {isa = PBXFileReference; lastKnownFileType = sourcecode.swift; path = FlickrManager.swift; sourceTree = "<group>"; };
/* End PBXFileReference section */

/* Begin PBXFrameworksBuildPhase section */
		60DEFE922810DF0100F46CC7 /* Frameworks */ = {
			isa = PBXFrameworksBuildPhase;
			buildActionMask = 2147483647;
			files = (
			);
			runOnlyForDeploymentPostprocessing = 0;
		};
/* End PBXFrameworksBuildPhase section */

/* Begin PBXGroup section */
		60CD59162812461200B4BD84 /* Utils */ = {
			isa = PBXGroup;
			children = (
				60CD59172812462700B4BD84 /* UIViewController Ext..swift */,
			);
			path = Utils;
			sourceTree = "<group>";
		};
		60DEFE8C2810DF0100F46CC7 = {
			isa = PBXGroup;
			children = (
				60DEFE972810DF0100F46CC7 /* VirtualTourist */,
				60DEFE962810DF0100F46CC7 /* Products */,
			);
			sourceTree = "<group>";
		};
		60DEFE962810DF0100F46CC7 /* Products */ = {
			isa = PBXGroup;
			children = (
				60DEFE952810DF0100F46CC7 /* VirtualTourist.app */,
			);
			name = Products;
			sourceTree = "<group>";
		};
		60DEFE972810DF0100F46CC7 /* VirtualTourist */ = {
			isa = PBXGroup;
			children = (
				60DEFEAF2810DF7500F46CC7 /* Manager */,
				60DEFEB02810DFAB00F46CC7 /* Model */,
				60DEFEB12810DFB300F46CC7 /* View */,
				60DEFEB22810DFBB00F46CC7 /* Controller */,
				60CD59162812461200B4BD84 /* Utils */,
				60DEFE982810DF0100F46CC7 /* AppDelegate.swift */,
				60DEFE9A2810DF0100F46CC7 /* SceneDelegate.swift */,
				60DEFE9E2810DF0100F46CC7 /* Main.storyboard */,
				60DEFEA42810DF0300F46CC7 /* Assets.xcassets */,
				60DEFEA62810DF0300F46CC7 /* LaunchScreen.storyboard */,
				60DEFEA92810DF0300F46CC7 /* Info.plist */,
				60DEFEA12810DF0100F46CC7 /* VirtualTourist.xcdatamodeld */,
			);
			path = VirtualTourist;
			sourceTree = "<group>";
		};
		60DEFEAF2810DF7500F46CC7 /* Manager */ = {
			isa = PBXGroup;
			children = (
				60DEFEB92810EFDF00F46CC7 /* FlickrManager.swift */,
			);
			path = Manager;
			sourceTree = "<group>";
		};
		60DEFEB02810DFAB00F46CC7 /* Model */ = {
			isa = PBXGroup;
			children = (
				601DD3552813056700EDBD08 /* FlickrResponse.swift */,
			);
			path = Model;
			sourceTree = "<group>";
		};
		60DEFEB12810DFB300F46CC7 /* View */ = {
			isa = PBXGroup;
			children = (
				60DEFEB72810E66700F46CC7 /* PhotoCell.swift */,
			);
			path = View;
			sourceTree = "<group>";
		};
		60DEFEB22810DFBB00F46CC7 /* Controller */ = {
			isa = PBXGroup;
			children = (
				60DEFE9C2810DF0100F46CC7 /* MapController.swift */,
				60DEFEB32810E46C00F46CC7 /* PhotoController.swift */,
			);
			path = Controller;
			sourceTree = "<group>";
		};
/* End PBXGroup section */

/* Begin PBXNativeTarget section */
		60DEFE942810DF0100F46CC7 /* VirtualTourist */ = {
			isa = PBXNativeTarget;
			buildConfigurationList = 60DEFEAC2810DF0300F46CC7 /* Build configuration list for PBXNativeTarget "VirtualTourist" */;
			buildPhases = (
				60DEFE912810DF0100F46CC7 /* Sources */,
				60DEFE922810DF0100F46CC7 /* Frameworks */,
				60DEFE932810DF0100F46CC7 /* Resources */,
			);
			buildRules = (
			);
			dependencies = (
			);
			name = VirtualTourist;
			productName = VirtualTourist;
			productReference = 60DEFE952810DF0100F46CC7 /* VirtualTourist.app */;
			productType = "com.apple.product-type.application";
		};
/* End PBXNativeTarget section */

/* Begin PBXProject section */
		60DEFE8D2810DF0100F46CC7 /* Project object */ = {
			isa = PBXProject;
			attributes = {
				BuildIndependentTargetsInParallel = 1;
				LastSwiftUpdateCheck = 1320;
				LastUpgradeCheck = 1320;
				TargetAttributes = {
					60DEFE942810DF0100F46CC7 = {
						CreatedOnToolsVersion = 13.2.1;
					};
				};
			};
			buildConfigurationList = 60DEFE902810DF0100F46CC7 /* Build configuration list for PBXProject "VirtualTourist" */;
			compatibilityVersion = "Xcode 13.0";
			developmentRegion = en;
			hasScannedForEncodings = 0;
			knownRegions = (
				en,
				Base,
			);
			mainGroup = 60DEFE8C2810DF0100F46CC7;
			productRefGroup = 60DEFE962810DF0100F46CC7 /* Products */;
			projectDirPath = "";
			projectRoot = "";
			targets = (
				60DEFE942810DF0100F46CC7 /* VirtualTourist */,
			);
		};
/* End PBXProject section */

/* Begin PBXResourcesBuildPhase section */
		60DEFE932810DF0100F46CC7 /* Resources */ = {
			isa = PBXResourcesBuildPhase;
			buildActionMask = 2147483647;
			files = (
				60DEFEA82810DF0300F46CC7 /* LaunchScreen.storyboard in Resources */,
				60DEFEA52810DF0300F46CC7 /* Assets.xcassets in Resources */,
				60DEFEA02810DF0100F46CC7 /* Main.storyboard in Resources */,
			);
			runOnlyForDeploymentPostprocessing = 0;
		};
/* End PBXResourcesBuildPhase section */

/* Begin PBXSourcesBuildPhase section */
		60DEFE912810DF0100F46CC7 /* Sources */ = {
			isa = PBXSourcesBuildPhase;
			buildActionMask = 2147483647;
			files = (
				601DD3562813056700EDBD08 /* FlickrResponse.swift in Sources */,
				60DEFEB42810E46C00F46CC7 /* PhotoController.swift in Sources */,
				60DEFEA32810DF0100F46CC7 /* VirtualTourist.xcdatamodeld in Sources */,
				60CD59182812462700B4BD84 /* UIViewController Ext..swift in Sources */,
				60DEFE9D2810DF0100F46CC7 /* MapController.swift in Sources */,
				60DEFEBA2810EFDF00F46CC7 /* FlickrManager.swift in Sources */,
				60DEFE992810DF0100F46CC7 /* AppDelegate.swift in Sources */,
				60DEFEB82810E66700F46CC7 /* PhotoCell.swift in Sources */,
				60DEFE9B2810DF0100F46CC7 /* SceneDelegate.swift in Sources */,
			);
			runOnlyForDeploymentPostprocessing = 0;
		};
/* End PBXSourcesBuildPhase section */

/* Begin PBXVariantGroup section */
		60DEFE9E2810DF0100F46CC7 /* Main.storyboard */ = {
			isa = PBXVariantGroup;
			children = (
				60DEFE9F2810DF0100F46CC7 /* Base */,
			);
			name = Main.storyboard;
			sourceTree = "<group>";
		};
		60DEFEA62810DF0300F46CC7 /* LaunchScreen.storyboard */ = {
			isa = PBXVariantGroup;
			children = (
				60DEFEA72810DF0300F46CC7 /* Base */,
			);
			name = LaunchScreen.storyboard;
			sourceTree = "<group>";
		};
/* End PBXVariantGroup section */

/* Begin XCBuildConfiguration section */
		60DEFEAA2810DF0300F46CC7 /* Debug */ = {
			isa = XCBuildConfiguration;
			buildSettings = {
				ALWAYS_SEARCH_USER_PATHS = NO;
				CLANG_ANALYZER_NONNULL = YES;
				CLANG_ANALYZER_NUMBER_OBJECT_CONVERSION = YES_AGGRESSIVE;
				CLANG_CXX_LANGUAGE_STANDARD = "gnu++17";
				CLANG_CXX_LIBRARY = "libc++";
				CLANG_ENABLE_MODULES = YES;
				CLANG_ENABLE_OBJC_ARC = YES;
				CLANG_ENABLE_OBJC_WEAK = YES;
				CLANG_WARN_BLOCK_CAPTURE_AUTORELEASING = YES;
				CLANG_WARN_BOOL_CONVERSION = YES;
				CLANG_WARN_COMMA = YES;
				CLANG_WARN_CONSTANT_CONVERSION = YES;
				CLANG_WARN_DEPRECATED_OBJC_IMPLEMENTATIONS = YES;
				CLANG_WARN_DIRECT_OBJC_ISA_USAGE = YES_ERROR;
				CLANG_WARN_DOCUMENTATION_COMMENTS = YES;
				CLANG_WARN_EMPTY_BODY = YES;
				CLANG_WARN_ENUM_CONVERSION = YES;
				CLANG_WARN_INFINITE_RECURSION = YES;
				CLANG_WARN_INT_CONVERSION = YES;
				CLANG_WARN_NON_LITERAL_NULL_CONVERSION = YES;
				CLANG_WARN_OBJC_IMPLICIT_RETAIN_SELF = YES;
				CLANG_WARN_OBJC_LITERAL_CONVERSION = YES;
				CLANG_WARN_OBJC_ROOT_CLASS = YES_ERROR;
				CLANG_WARN_QUOTED_INCLUDE_IN_FRAMEWORK_HEADER = YES;
				CLANG_WARN_RANGE_LOOP_ANALYSIS = YES;
				CLANG_WARN_STRICT_PROTOTYPES = YES;
				CLANG_WARN_SUSPICIOUS_MOVE = YES;
				CLANG_WARN_UNGUARDED_AVAILABILITY = YES_AGGRESSIVE;
				CLANG_WARN_UNREACHABLE_CODE = YES;
				CLANG_WARN__DUPLICATE_METHOD_MATCH = YES;
				COPY_PHASE_STRIP = NO;
				DEBUG_INFORMATION_FORMAT = dwarf;
				ENABLE_STRICT_OBJC_MSGSEND = YES;
				ENABLE_TESTABILITY = YES;
				GCC_C_LANGUAGE_STANDARD = gnu11;
				GCC_DYNAMIC_NO_PIC = NO;
				GCC_NO_COMMON_BLOCKS = YES;
				GCC_OPTIMIZATION_LEVEL = 0;
				GCC_PREPROCESSOR_DEFINITIONS = (
					"DEBUG=1",
					"$(inherited)",
				);
				GCC_WARN_64_TO_32_BIT_CONVERSION = YES;
				GCC_WARN_ABOUT_RETURN_TYPE = YES_ERROR;
				GCC_WARN_UNDECLARED_SELECTOR = YES;
				GCC_WARN_UNINITIALIZED_AUTOS = YES_AGGRESSIVE;
				GCC_WARN_UNUSED_FUNCTION = YES;
				GCC_WARN_UNUSED_VARIABLE = YES;
				IPHONEOS_DEPLOYMENT_TARGET = 15.2;
				MTL_ENABLE_DEBUG_INFO = INCLUDE_SOURCE;
				MTL_FAST_MATH = YES;
				ONLY_ACTIVE_ARCH = YES;
				SDKROOT = iphoneos;
				SWIFT_ACTIVE_COMPILATION_CONDITIONS = DEBUG;
				SWIFT_OPTIMIZATION_LEVEL = "-Onone";
			};
			name = Debug;
		};
		60DEFEAB2810DF0300F46CC7 /* Release */ = {
			isa = XCBuildConfiguration;
			buildSettings = {
				ALWAYS_SEARCH_USER_PATHS = NO;
				CLANG_ANALYZER_NONNULL = YES;
				CLANG_ANALYZER_NUMBER_OBJECT_CONVERSION = YES_AGGRESSIVE;
				CLANG_CXX_LANGUAGE_STANDARD = "gnu++17";
				CLANG_CXX_LIBRARY = "libc++";
				CLANG_ENABLE_MODULES = YES;
				CLANG_ENABLE_OBJC_ARC = YES;
				CLANG_ENABLE_OBJC_WEAK = YES;
				CLANG_WARN_BLOCK_CAPTURE_AUTORELEASING = YES;
				CLANG_WARN_BOOL_CONVERSION = YES;
				CLANG_WARN_COMMA = YES;
				CLANG_WARN_CONSTANT_CONVERSION = YES;
				CLANG_WARN_DEPRECATED_OBJC_IMPLEMENTATIONS = YES;
				CLANG_WARN_DIRECT_OBJC_ISA_USAGE = YES_ERROR;
				CLANG_WARN_DOCUMENTATION_COMMENTS = YES;
				CLANG_WARN_EMPTY_BODY = YES;
				CLANG_WARN_ENUM_CONVERSION = YES;
				CLANG_WARN_INFINITE_RECURSION = YES;
				CLANG_WARN_INT_CONVERSION = YES;
				CLANG_WARN_NON_LITERAL_NULL_CONVERSION = YES;
				CLANG_WARN_OBJC_IMPLICIT_RETAIN_SELF = YES;
				CLANG_WARN_OBJC_LITERAL_CONVERSION = YES;
				CLANG_WARN_OBJC_ROOT_CLASS = YES_ERROR;
				CLANG_WARN_QUOTED_INCLUDE_IN_FRAMEWORK_HEADER = YES;
				CLANG_WARN_RANGE_LOOP_ANALYSIS = YES;
				CLANG_WARN_STRICT_PROTOTYPES = YES;
				CLANG_WARN_SUSPICIOUS_MOVE = YES;
				CLANG_WARN_UNGUARDED_AVAILABILITY = YES_AGGRESSIVE;
				CLANG_WARN_UNREACHABLE_CODE = YES;
				CLANG_WARN__DUPLICATE_METHOD_MATCH = YES;
				COPY_PHASE_STRIP = NO;
				DEBUG_INFORMATION_FORMAT = "dwarf-with-dsym";
				ENABLE_NS_ASSERTIONS = NO;
				ENABLE_STRICT_OBJC_MSGSEND = YES;
				GCC_C_LANGUAGE_STANDARD = gnu11;
				GCC_NO_COMMON_BLOCKS = YES;
				GCC_WARN_64_TO_32_BIT_CONVERSION = YES;
				GCC_WARN_ABOUT_RETURN_TYPE = YES_ERROR;
				GCC_WARN_UNDECLARED_SELECTOR = YES;
				GCC_WARN_UNINITIALIZED_AUTOS = YES_AGGRESSIVE;
				GCC_WARN_UNUSED_FUNCTION = YES;
				GCC_WARN_UNUSED_VARIABLE = YES;
				IPHONEOS_DEPLOYMENT_TARGET = 15.2;
				MTL_ENABLE_DEBUG_INFO = NO;
				MTL_FAST_MATH = YES;
				SDKROOT = iphoneos;
				SWIFT_COMPILATION_MODE = wholemodule;
				SWIFT_OPTIMIZATION_LEVEL = "-O";
				VALIDATE_PRODUCT = YES;
			};
			name = Release;
		};
		60DEFEAD2810DF0300F46CC7 /* Debug */ = {
			isa = XCBuildConfiguration;
			buildSettings = {
				ASSETCATALOG_COMPILER_APPICON_NAME = AppIcon;
				ASSETCATALOG_COMPILER_GLOBAL_ACCENT_COLOR_NAME = AccentColor;
				CODE_SIGN_STYLE = Automatic;
				CURRENT_PROJECT_VERSION = 1;
				DEVELOPMENT_TEAM = UEJP33N4K3;
				GENERATE_INFOPLIST_FILE = YES;
				INFOPLIST_FILE = VirtualTourist/Info.plist;
				INFOPLIST_KEY_UIApplicationSupportsIndirectInputEvents = YES;
				INFOPLIST_KEY_UILaunchStoryboardName = LaunchScreen;
				INFOPLIST_KEY_UIMainStoryboardFile = Main;
				INFOPLIST_KEY_UISupportedInterfaceOrientations_iPad = "UIInterfaceOrientationPortrait UIInterfaceOrientationPortraitUpsideDown UIInterfaceOrientationLandscapeLeft UIInterfaceOrientationLandscapeRight";
				INFOPLIST_KEY_UISupportedInterfaceOrientations_iPhone = "UIInterfaceOrientationPortrait UIInterfaceOrientationLandscapeLeft UIInterfaceOrientationLandscapeRight";
				LD_RUNPATH_SEARCH_PATHS = (
					"$(inherited)",
					"@executable_path/Frameworks",
				);
				MARKETING_VERSION = 1.0;
				PRODUCT_BUNDLE_IDENTIFIER = com.duclam.VirtualTourist;
				PRODUCT_NAME = "$(TARGET_NAME)";
				SWIFT_EMIT_LOC_STRINGS = YES;
				SWIFT_VERSION = 5.0;
				TARGETED_DEVICE_FAMILY = "1,2";
			};
			name = Debug;
		};
		60DEFEAE2810DF0300F46CC7 /* Release */ = {
			isa = XCBuildConfiguration;
			buildSettings = {
				ASSETCATALOG_COMPILER_APPICON_NAME = AppIcon;
				ASSETCATALOG_COMPILER_GLOBAL_ACCENT_COLOR_NAME = AccentColor;
				CODE_SIGN_STYLE = Automatic;
				CURRENT_PROJECT_VERSION = 1;
				DEVELOPMENT_TEAM = UEJP33N4K3;
				GENERATE_INFOPLIST_FILE = YES;
				INFOPLIST_FILE = VirtualTourist/Info.plist;
				INFOPLIST_KEY_UIApplicationSupportsIndirectInputEvents = YES;
				INFOPLIST_KEY_UILaunchStoryboardName = LaunchScreen;
				INFOPLIST_KEY_UIMainStoryboardFile = Main;
				INFOPLIST_KEY_UISupportedInterfaceOrientations_iPad = "UIInterfaceOrientationPortrait UIInterfaceOrientationPortraitUpsideDown UIInterfaceOrientationLandscapeLeft UIInterfaceOrientationLandscapeRight";
				INFOPLIST_KEY_UISupportedInterfaceOrientations_iPhone = "UIInterfaceOrientationPortrait UIInterfaceOrientationLandscapeLeft UIInterfaceOrientationLandscapeRight";
				LD_RUNPATH_SEARCH_PATHS = (
					"$(inherited)",
					"@executable_path/Frameworks",
				);
				MARKETING_VERSION = 1.0;
				PRODUCT_BUNDLE_IDENTIFIER = com.duclam.VirtualTourist;
				PRODUCT_NAME = "$(TARGET_NAME)";
				SWIFT_EMIT_LOC_STRINGS = YES;
				SWIFT_VERSION = 5.0;
				TARGETED_DEVICE_FAMILY = "1,2";
			};
			name = Release;
		};
/* End XCBuildConfiguration section */

/* Begin XCConfigurationList section */
		60DEFE902810DF0100F46CC7 /* Build configuration list for PBXProject "VirtualTourist" */ = {
			isa = XCConfigurationList;
			buildConfigurations = (
				60DEFEAA2810DF0300F46CC7 /* Debug */,
				60DEFEAB2810DF0300F46CC7 /* Release */,
			);
			defaultConfigurationIsVisible = 0;
			defaultConfigurationName = Release;
		};
		60DEFEAC2810DF0300F46CC7 /* Build configuration list for PBXNativeTarget "VirtualTourist" */ = {
			isa = XCConfigurationList;
			buildConfigurations = (
				60DEFEAD2810DF0300F46CC7 /* Debug */,
				60DEFEAE2810DF0300F46CC7 /* Release */,
			);
			defaultConfigurationIsVisible = 0;
			defaultConfigurationName = Release;
		};
/* End XCConfigurationList section */

/* Begin XCVersionGroup section */
		60DEFEA12810DF0100F46CC7 /* VirtualTourist.xcdatamodeld */ = {
			isa = XCVersionGroup;
			children = (
				60DEFEA22810DF0100F46CC7 /* VirtualTourist.xcdatamodel */,
			);
			currentVersion = 60DEFEA22810DF0100F46CC7 /* VirtualTourist.xcdatamodel */;
			path = VirtualTourist.xcdatamodeld;
			sourceTree = "<group>";
			versionGroupType = wrapper.xcdatamodel;
		};
/* End XCVersionGroup section */
	};
	rootObject = 60DEFE8D2810DF0100F46CC7 /* Project object */;
}
